
Microsoft Visual Studio Solution File, Format Version 12.00
# Visual Studio Version 16
VisualStudioVersion = 16.0.29025.244
MinimumVisualStudioVersion = 10.0.40219.1
Project("{9A19103F-16F7-4668-BE54-9A1E7A4F7556}") = "Publisher", "Publisher\Publisher.csproj", "{6BE2B81B-6035-41A1-9849-B3666790F76D}"
EndProject
Project("{9A19103F-16F7-4668-BE54-9A1E7A4F7556}") = "Consumer", "Consumer\Consumer.csproj", "{B42F423B-5E9D-4A51-A5AE-28CC1E908F9C}"
EndProject
Project("{FAE04EC0-301F-11D3-BF4B-00C04F79EFBC}") = "ConsumePublisherA", "ConsumePublisherA\ConsumePublisherA.csproj", "{B063607A-457D-41F0-8719-AE1702674630}"
EndProject
Project("{FAE04EC0-301F-11D3-BF4B-00C04F79EFBC}") = "ConsumePublisherB", "ConsumePublisherB\ConsumePublisherB.csproj", "{17A1BEDF-4651-4B24-BABE-BA7C73A61DEE}"
EndProject
Global
	GlobalSection(SolutionConfigurationPlatforms) = preSolution
		Debug|Any CPU = Debug|Any CPU
		Release|Any CPU = Release|Any CPU
	EndGlobalSection
	GlobalSection(ProjectConfigurationPlatforms) = postSolution
		{6BE2B81B-6035-41A1-9849-B3666790F76D}.Debug|Any CPU.ActiveCfg = Debug|Any CPU
		{6BE2B81B-6035-41A1-9849-B3666790F76D}.Debug|Any CPU.Build.0 = Debug|Any CPU
		{6BE2B81B-6035-41A1-9849-B3666790F76D}.Release|Any CPU.ActiveCfg = Release|Any CPU
		{6BE2B81B-6035-41A1-9849-B3666790F76D}.Release|Any CPU.Build.0 = Release|Any CPU
		{B42F423B-5E9D-4A51-A5AE-28CC1E908F9C}.Debug|Any CPU.ActiveCfg = Debug|Any CPU
		{B42F423B-5E9D-4A51-A5AE-28CC1E908F9C}.Debug|Any CPU.Build.0 = Debug|Any CPU
		{B42F423B-5E9D-4A51-A5AE-28CC1E908F9C}.Release|Any CPU.ActiveCfg = Release|Any CPU
		{B42F423B-5E9D-4A51-A5AE-28CC1E908F9C}.Release|Any CPU.Build.0 = Release|Any CPU
		{B063607A-457D-41F0-8719-AE1702674630}.Debug|Any CPU.ActiveCfg = Debug|Any CPU
		{B063607A-457D-41F0-8719-AE1702674630}.Debug|Any CPU.Build.0 = Debug|Any CPU
		{B063607A-457D-41F0-8719-AE1702674630}.Release|Any CPU.ActiveCfg = Release|Any CPU
		{B063607A-457D-41F0-8719-AE1702674630}.Release|Any CPU.Build.0 = Release|Any CPU
		{17A1BEDF-4651-4B24-BABE-BA7C73A61DEE}.Debug|Any CPU.ActiveCfg = Debug|Any CPU
		{17A1BEDF-4651-4B24-BABE-BA7C73A61DEE}.Debug|Any CPU.Build.0 = Debug|Any CPU
		{17A1BEDF-4651-4B24-BABE-BA7C73A61DEE}.Release|Any CPU.ActiveCfg = Release|Any CPU
		{17A1BEDF-4651-4B24-BABE-BA7C73A61DEE}.Release|Any CPU.Build.0 = Release|Any CPU
	EndGlobalSection
	GlobalSection(SolutionProperties) = preSolution
		HideSolutionNode = FALSE
	EndGlobalSection
	GlobalSection(ExtensibilityGlobals) = postSolution
		SolutionGuid = {C91585E9-B604-4597-8978-7080E22FEBB9}
	EndGlobalSection
EndGlobal
